{
  "name": "@w4935057/sse-node-red-plus-proxy",
  "version": "1.0.3",
  "lockfileVersion": 3,
  "requires": true,
  "packages": {
    "": {
      "name": "@w4935057/sse-node-red-plus-proxy",
      "version": "1.0.3",
      "license": "MIT",
      "dependencies": {
        "simple-sse": "0.0.3"
      }
    },
    "node_modules/simple-sse": {
      "version": "0.0.3",
      "resolved": "https://registry.npmjs.org/simple-sse/-/simple-sse-0.0.3.tgz",
      "integrity": "sha512-/G1dTyHAcNM0Qh1q3Q8Tzic9/DlVzyb1O3kpSefUjr3XNGe0DgRdM02kSBAeU0lO6nn8EnwoMlzqRv+u4jhwgA=="
    }
  }
}
